<?xml version="1.0" encoding="utf-8"?>
<Project ToolsVersion="4.0" xmlns="http://schemas.microsoft.com/developer/msbuild/2003">
  <ItemGroup>
    <Filter Include="Source Files">
      <UniqueIdentifier>{4FC737F1-C7A5-4376-A066-2A32D752A2FF}</UniqueIdentifier>
      <Extensions>cpp;c;cc;cxx;c++;cppm;ixx;def;odl;idl;hpj;bat;asm;asmx</Extensions>
    </Filter>
    <Filter Include="Header Files">
      <UniqueIdentifier>{93995380-89BD-4b04-88EB-625FBE52EBFB}</UniqueIdentifier>
      <Extensions>h;hh;hpp;hxx;h++;hm;inl;inc;ipp;xsd</Extensions>
    </Filter>
    <Filter Include="Header Files\zlib">
      <UniqueIdentifier>{e5716c14-38f4-49f7-bf1a-916fbc7613a8}</UniqueIdentifier>
    </Filter>
    <Filter Include="Header Files\libpng">
      <UniqueIdentifier>{0681221a-1efa-43e4-b0f7-0b525172e486}</UniqueIdentifier>
    </Filter>
    <Filter Include="Source Files\libpng">
      <UniqueIdentifier>{0629c87a-576d-4163-8c60-dad190ee97d0}</UniqueIdentifier>
    </Filter>
  </ItemGroup>
  <ItemGroup>
    <ClInclude Include="stdafx.h">
      <Filter>Header Files</Filter>
    </ClInclude>
    <ClInclude Include="4J_Render.h">
      <Filter>Header Files</Filter>
    </ClInclude>
    <ClInclude Include="Renderer.h">
      <Filter>Header Files</Filter>
    </ClInclude>
    <ClInclude Include="PS_Standard.h">
      <Filter>Header Files</Filter>
    </ClInclude>
    <ClInclude Include="PS_TextureProjection.h">
      <Filter>Header Files</Filter>
    </ClInclude>
    <ClInclude Include="PS_ForceLOD.h">
      <Filter>Header Files</Filter>
    </ClInclude>
    <ClInclude Include="VS_ScreenClear.h">
      <Filter>Header Files</Filter>
    </ClInclude>
    <ClInclude Include="VS_ScreenSpace.h">
      <Filter>Header Files</Filter>
    </ClInclude>
    <ClInclude Include="VS_PF3_TF2_CB4_NB4_XW1.h">
      <Filter>Header Files</Filter>
    </ClInclude>
    <ClInclude Include="VS_PF3_TF2_CB4_NB4_XW1_Lighting.h">
      <Filter>Header Files</Filter>
    </ClInclude>
    <ClInclude Include="VS_PF3_TF2_CB4_NB4_XW1_Texgen.h">
      <Filter>Header Files</Filter>
    </ClInclude>
    <ClInclude Include="VS_Compressed.h">
      <Filter>Header Files</Filter>
    </ClInclude>
    <ClInclude Include="CompiledShaders.h">
      <Filter>Header Files</Filter>
    </ClInclude>
    <ClInclude Include="PS_ScreenClear.h">
      <Filter>Header Files</Filter>
    </ClInclude>
    <ClInclude Include="PS_ScreenSpace.h">
      <Filter>Header Files</Filter>
    </ClInclude>
    <ClInclude Include="zlib\zconf.h">
      <Filter>Header Files\zlib</Filter>
    </ClInclude>
    <ClInclude Include="zlib\zlib.h">
      <Filter>Header Files\zlib</Filter>
    </ClInclude>
    <ClInclude Include="libpng\png.h">
      <Filter>Header Files\libpng</Filter>
    </ClInclude>
    <ClInclude Include="libpng\pngconf.h">
      <Filter>Header Files\libpng</Filter>
    </ClInclude>
    <ClInclude Include="libpng\pngdebug.h">
      <Filter>Header Files\libpng</Filter>
    </ClInclude>
    <ClInclude Include="libpng\pnginfo.h">
      <Filter>Header Files\libpng</Filter>
    </ClInclude>
    <ClInclude Include="libpng\pnglibconf.h">
      <Filter>Header Files\libpng</Filter>
    </ClInclude>
    <ClInclude Include="libpng\pngpriv.h">
      <Filter>Header Files\libpng</Filter>
    </ClInclude>
    <ClInclude Include="libpng\pngstruct.h">
      <Filter>Header Files\libpng</Filter>
    </ClInclude>
  </ItemGroup>
  <ItemGroup>
    <ClCompile Include="stdafx.cpp">
      <Filter>Source Files</Filter>
    </ClCompile>
    <ClCompile Include="4J_Render.cpp">
      <Filter>Source Files</Filter>
    </ClCompile>
    <ClCompile Include="RendererCBuff.cpp">
      <Filter>Source Files</Filter>
    </ClCompile>
    <ClCompile Include="RendererCore.cpp">
      <Filter>Source Files</Filter>
    </ClCompile>
    <ClCompile Include="RendererMatrix.cpp">
      <Filter>Source Files</Filter>
    </ClCompile>
    <ClCompile Include="RendererState.cpp">
      <Filter>Source Files</Filter>
    </ClCompile>
    <ClCompile Include="RendererTexture.cpp">
      <Filter>Source Files</Filter>
    </ClCompile>
    <ClCompile Include="RendererVertex.cpp">
      <Filter>Source Files</Filter>
    </ClCompile>
    <ClCompile Include="libpng\png.c">
      <Filter>Source Files\libpng</Filter>
    </ClCompile>
    <ClCompile Include="libpng\pngerror.c">
      <Filter>Source Files\libpng</Filter>
    </ClCompile>
    <ClCompile Include="libpng\pngget.c">
      <Filter>Source Files\libpng</Filter>
    </ClCompile>
    <ClCompile Include="libpng\pngmem.c">
      <Filter>Source Files\libpng</Filter>
    </ClCompile>
    <ClCompile Include="libpng\pngpread.c">
      <Filter>Source Files\libpng</Filter>
    </ClCompile>
    <ClCompile Include="libpng\pngread.c">
      <Filter>Source Files\libpng</Filter>
    </ClCompile>
    <ClCompile Include="libpng\pngrio.c">
      <Filter>Source Files\libpng</Filter>
    </ClCompile>
    <ClCompile Include="libpng\pngrtran.c">
      <Filter>Source Files\libpng</Filter>
    </ClCompile>
    <ClCompile Include="libpng\pngrutil.c">
      <Filter>Source Files\libpng</Filter>
    </ClCompile>
    <ClCompile Include="libpng\pngset.c">
      <Filter>Source Files\libpng</Filter>
    </ClCompile>
    <ClCompile Include="libpng\pngtest.c">
      <Filter>Source Files\libpng</Filter>
    </ClCompile>
    <ClCompile Include="libpng\pngtrans.c">
      <Filter>Source Files\libpng</Filter>
    </ClCompile>
    <ClCompile Include="libpng\pngwio.c">
      <Filter>Source Files\libpng</Filter>
    </ClCompile>
    <ClCompile Include="libpng\pngwrite.c">
      <Filter>Source Files\libpng</Filter>
    </ClCompile>
    <ClCompile Include="libpng\pngwtran.c">
      <Filter>Source Files\libpng</Filter>
    </ClCompile>
    <ClCompile Include="libpng\pngwutil.c">
      <Filter>Source Files\libpng</Filter>
    </ClCompile>
  </ItemGroup>
</Project>